
Microsoft Visual Studio Solution File, Format Version 12.00
# Visual Studio Version 17
VisualStudioVersion = 17.5.002.0
MinimumVisualStudioVersion = 10.0.40219.1
Project("{9A19103F-16F7-4668-BE54-9A1E7A4F7556}") = "send", "send\send.csproj", "{D57D3544-4F19-49EB-A3C7-ECE106011240}"
EndProject
Project("{9A19103F-16F7-4668-BE54-9A1E7A4F7556}") = "receive", "receive\receive.csproj", "{EFDDFA5C-128E-4953-968C-DF76D53FD484}"
EndProject
Global
	GlobalSection(SolutionConfigurationPlatforms) = preSolution
		Debug|Any CPU = Debug|Any CPU
		Release|Any CPU = Release|Any CPU
	EndGlobalSection
	GlobalSection(ProjectConfigurationPlatforms) = postSolution
		{D57D3544-4F19-49EB-A3C7-ECE106011240}.Debug|Any CPU.ActiveCfg = Debug|Any CPU
		{D57D3544-4F19-49EB-A3C7-ECE106011240}.Debug|Any CPU.Build.0 = Debug|Any CPU
		{D57D3544-4F19-49EB-A3C7-ECE106011240}.Release|Any CPU.ActiveCfg = Release|Any CPU
		{D57D3544-4F19-49EB-A3C7-ECE106011240}.Release|Any CPU.Build.0 = Release|Any CPU
		{EFDDFA5C-128E-4953-968C-DF76D53FD484}.Debug|Any CPU.ActiveCfg = Debug|Any CPU
		{EFDDFA5C-128E-4953-968C-DF76D53FD484}.Debug|Any CPU.Build.0 = Debug|Any CPU
		{EFDDFA5C-128E-4953-968C-DF76D53FD484}.Release|Any CPU.ActiveCfg = Release|Any CPU
		{EFDDFA5C-128E-4953-968C-DF76D53FD484}.Release|Any CPU.Build.0 = Release|Any CPU
	EndGlobalSection
	GlobalSection(SolutionProperties) = preSolution
		HideSolutionNode = FALSE
	EndGlobalSection
	GlobalSection(ExtensibilityGlobals) = postSolution
		SolutionGuid = {BBF64EF3-05BD-44F6-95FD-A2ADF8F86F91}
	EndGlobalSection
EndGlobal
